
Microsoft Visual Studio Solution File, Format Version 12.00
# Visual Studio Version 16
VisualStudioVersion = 16.0.30309.148
MinimumVisualStudioVersion = 10.0.40219.1
Project("{FAE04EC0-301F-11D3-BF4B-00C04F79EFBC}") = "Unipa.LibraryManagementSystem.Project2", "Unipa.LibraryManagementSystem.Project2.csproj", "{570B6D4E-7E82-47EB-8139-2AA2FDA0BC69}"
EndProject
Global
	GlobalSection(SolutionConfigurationPlatforms) = preSolution
		Debug|Any CPU = Debug|Any CPU
		Release|Any CPU = Release|Any CPU
	EndGlobalSection
	GlobalSection(ProjectConfigurationPlatforms) = postSolution
		{570B6D4E-7E82-47EB-8139-2AA2FDA0BC69}.Debug|Any CPU.ActiveCfg = Debug|Any CPU
		{570B6D4E-7E82-47EB-8139-2AA2FDA0BC69}.Debug|Any CPU.Build.0 = Debug|Any CPU
		{570B6D4E-7E82-47EB-8139-2AA2FDA0BC69}.Release|Any CPU.ActiveCfg = Release|Any CPU
		{570B6D4E-7E82-47EB-8139-2AA2FDA0BC69}.Release|Any CPU.Build.0 = Release|Any CPU
	EndGlobalSection
	GlobalSection(SolutionProperties) = preSolution
		HideSolutionNode = FALSE
	EndGlobalSection
	GlobalSection(ExtensibilityGlobals) = postSolution
		SolutionGuid = {911A139D-071E-4447-8455-C8AA4E01DED6}
	EndGlobalSection
EndGlobal
